# This file is automatically @generated by Cargo.
# It is not intended for manual editing.
version = 4

[[package]]
name = "drop-tracker"
version = "0.1.3"
source = "registry+https://github.com/rust-lang/crates.io-index"
checksum = "b0c59c89ce3a9cfb5bf9691fd33c4b295eb0fa3689ec8c20793f62dc97a6900a"

[[package]]
name = "plain-ds"
version = "0.2.0"
dependencies = [
 "drop-tracker",
]
